<?xml version="1.0" encoding="UTF-8" standalone="yes" ?>
<CodeBlocks_project_file>
	<FileVersion major="1" minor="6" />
	<Project>
		<Option title="gxdetect" />
		<Option pch_mode="2" />
		<Option compiler="gcc" />
		<Build>
			<Target title="Debug">
				<Option output="bin/Debug/gxdetect" prefix_auto="1" extension_auto="1" />
				<Option object_output="obj/Debug/" />
				<Option type="1" />
				<Option compiler="gcc" />
				<Compiler>
					<Add option="-g" />
				</Compiler>
				<Linker>
					<Add library="../Desktop/opencv-bin-mingw32-310/opencv/x86/mingw/lib/libopencv_calib3d310.dll.a" />
					<Add library="../Desktop/opencv-bin-mingw32-310/opencv/x86/mingw/lib/libopencv_core310.dll.a" />
					<Add library="../Desktop/opencv-bin-mingw32-310/opencv/x86/mingw/lib/libopencv_features2d310.dll.a" />
					<Add library="../Desktop/opencv-bin-mingw32-310/opencv/x86/mingw/lib/libopencv_flann310.dll.a" />
					<Add library="../Desktop/opencv-bin-mingw32-310/opencv/x86/mingw/lib/libopencv_highgui310.dll.a" />
					<Add library="../Desktop/opencv-bin-mingw32-310/opencv/x86/mingw/lib/libopencv_imgcodecs310.dll.a" />
					<Add library="../Desktop/opencv-bin-mingw32-310/opencv/x86/mingw/lib/libopencv_imgproc310.dll.a" />
					<Add library="../Desktop/opencv-bin-mingw32-310/opencv/x86/mingw/lib/libopencv_ml310.dll.a" />
					<Add library="../Desktop/opencv-bin-mingw32-310/opencv/x86/mingw/lib/libopencv_objdetect310.dll.a" />
					<Add library="../Desktop/opencv-bin-mingw32-310/opencv/x86/mingw/lib/libopencv_photo310.dll.a" />
					<Add library="../Desktop/opencv-bin-mingw32-310/opencv/x86/mingw/lib/libopencv_shape310.dll.a" />
					<Add library="../Desktop/opencv-bin-mingw32-310/opencv/x86/mingw/lib/libopencv_stitching310.dll.a" />
					<Add library="../Desktop/opencv-bin-mingw32-310/opencv/x86/mingw/lib/libopencv_superres310.dll.a" />
					<Add library="../Desktop/opencv-bin-mingw32-310/opencv/x86/mingw/lib/libopencv_ts310.a" />
					<Add library="../Desktop/opencv-bin-mingw32-310/opencv/x86/mingw/lib/libopencv_video310.dll.a" />
					<Add library="../Desktop/opencv-bin-mingw32-310/opencv/x86/mingw/lib/libopencv_videoio310.dll.a" />
					<Add library="../Desktop/opencv-bin-mingw32-310/opencv/x86/mingw/lib/libopencv_videostab310.dll.a" />
				</Linker>
			</Target>
			<Target title="Release">
				<Option output="bin/Release/gxdetect" prefix_auto="1" extension_auto="1" />
				<Option object_output="obj/Release/" />
				<Option type="0" />
				<Option compiler="gcc" />
				<Compiler>
					<Add option="-O2" />
					<Add option="-s" />
				</Compiler>
			</Target>
		</Build>
		<Compiler>
			<Add option="`opencv-config --cxxflags`" />
		</Compiler>
		<Linker>
			<Add option="`opencv-config --ldstaticflags`" />
		</Linker>
		<Unit filename="main.cpp" />
		<Extensions>
			<code_completion />
			<envvars />
			<debugger />
			<lib_finder disable_auto="1" />
		</Extensions>
	</Project>
</CodeBlocks_project_file>
